
Microsoft Visual Studio Solution File, Format Version 12.00
# Visual Studio Version 17
VisualStudioVersion = 17.14.36414.22
MinimumVisualStudioVersion = 10.0.40219.1
Project("{FAE04EC0-301F-11D3-BF4B-00C04F79EFBC}") = "SanStore.Web", "SanStore\SanStore.Web.csproj", "{A5FA1DD3-570A-4191-B8B6-511AAEB9C4AB}"
EndProject
Project("{2150E333-8FDC-42A3-9474-1A3956D46DE8}") = "src", "src", "{02EA681E-C7D8-13C7-8484-4AC65E1B71E8}"
EndProject
Project("{FAE04EC0-301F-11D3-BF4B-00C04F79EFBC}") = "SanStore.Application", "SanStore.Application\SanStore.Application.csproj", "{3A913B51-835E-4B43-8783-C87E6F03170C}"
EndProject
Project("{FAE04EC0-301F-11D3-BF4B-00C04F79EFBC}") = "SanStore.Domain", "SanStore.Domain\SanStore.Domain.csproj", "{98CDBB70-EC52-4167-97F4-B898655AF4D3}"
EndProject
Project("{FAE04EC0-301F-11D3-BF4B-00C04F79EFBC}") = "SanStore.Infrastructure", "SanStore.Infrastructure\SanStore.Infrastructure.csproj", "{98B1B52A-79B9-4E44-910D-9FE836013E29}"
EndProject
Global
	GlobalSection(SolutionConfigurationPlatforms) = preSolution
		Debug|Any CPU = Debug|Any CPU
		Release|Any CPU = Release|Any CPU
	EndGlobalSection
	GlobalSection(ProjectConfigurationPlatforms) = postSolution
		{A5FA1DD3-570A-4191-B8B6-511AAEB9C4AB}.Debug|Any CPU.ActiveCfg = Debug|Any CPU
		{A5FA1DD3-570A-4191-B8B6-511AAEB9C4AB}.Debug|Any CPU.Build.0 = Debug|Any CPU
		{A5FA1DD3-570A-4191-B8B6-511AAEB9C4AB}.Release|Any CPU.ActiveCfg = Release|Any CPU
		{A5FA1DD3-570A-4191-B8B6-511AAEB9C4AB}.Release|Any CPU.Build.0 = Release|Any CPU
		{3A913B51-835E-4B43-8783-C87E6F03170C}.Debug|Any CPU.ActiveCfg = Debug|Any CPU
		{3A913B51-835E-4B43-8783-C87E6F03170C}.Debug|Any CPU.Build.0 = Debug|Any CPU
		{3A913B51-835E-4B43-8783-C87E6F03170C}.Release|Any CPU.ActiveCfg = Release|Any CPU
		{3A913B51-835E-4B43-8783-C87E6F03170C}.Release|Any CPU.Build.0 = Release|Any CPU
		{98CDBB70-EC52-4167-97F4-B898655AF4D3}.Debug|Any CPU.ActiveCfg = Debug|Any CPU
		{98CDBB70-EC52-4167-97F4-B898655AF4D3}.Debug|Any CPU.Build.0 = Debug|Any CPU
		{98CDBB70-EC52-4167-97F4-B898655AF4D3}.Release|Any CPU.ActiveCfg = Release|Any CPU
		{98CDBB70-EC52-4167-97F4-B898655AF4D3}.Release|Any CPU.Build.0 = Release|Any CPU
		{98B1B52A-79B9-4E44-910D-9FE836013E29}.Debug|Any CPU.ActiveCfg = Debug|Any CPU
		{98B1B52A-79B9-4E44-910D-9FE836013E29}.Debug|Any CPU.Build.0 = Debug|Any CPU
		{98B1B52A-79B9-4E44-910D-9FE836013E29}.Release|Any CPU.ActiveCfg = Release|Any CPU
		{98B1B52A-79B9-4E44-910D-9FE836013E29}.Release|Any CPU.Build.0 = Release|Any CPU
	EndGlobalSection
	GlobalSection(SolutionProperties) = preSolution
		HideSolutionNode = FALSE
	EndGlobalSection
	GlobalSection(NestedProjects) = preSolution
		{A5FA1DD3-570A-4191-B8B6-511AAEB9C4AB} = {02EA681E-C7D8-13C7-8484-4AC65E1B71E8}
		{3A913B51-835E-4B43-8783-C87E6F03170C} = {02EA681E-C7D8-13C7-8484-4AC65E1B71E8}
		{98CDBB70-EC52-4167-97F4-B898655AF4D3} = {02EA681E-C7D8-13C7-8484-4AC65E1B71E8}
		{98B1B52A-79B9-4E44-910D-9FE836013E29} = {02EA681E-C7D8-13C7-8484-4AC65E1B71E8}
	EndGlobalSection
	GlobalSection(ExtensibilityGlobals) = postSolution
		SolutionGuid = {5072FA2F-E401-4EA9-AB2F-E2388935CF98}
	EndGlobalSection
EndGlobal
